
Microsoft Visual Studio Solution File, Format Version 12.00
# Visual Studio Version 16
VisualStudioVersion = 16.0.30621.155
MinimumVisualStudioVersion = 10.0.40219.1
Project("{FAE04EC0-301F-11D3-BF4B-00C04F79EFBC}") = "FreediverApp", "FreediverApp\FreediverApp.csproj", "{54E9F8AF-1204-4BFE-B53A-0A85547311AA}"
EndProject
Project("{2150E333-8FDC-42A3-9474-1A3956D46DE8}") = "Solution Items", "Solution Items", "{E9D888EC-6666-4507-937F-9E405168D931}"
	ProjectSection(SolutionItems) = preProject
		.editorconfig = .editorconfig
	EndProjectSection
EndProject
Global
	GlobalSection(SolutionConfigurationPlatforms) = preSolution
		Debug|Any CPU = Debug|Any CPU
		Release|Any CPU = Release|Any CPU
	EndGlobalSection
	GlobalSection(ProjectConfigurationPlatforms) = postSolution
		{54E9F8AF-1204-4BFE-B53A-0A85547311AA}.Debug|Any CPU.ActiveCfg = Debug|Any CPU
		{54E9F8AF-1204-4BFE-B53A-0A85547311AA}.Debug|Any CPU.Build.0 = Debug|Any CPU
		{54E9F8AF-1204-4BFE-B53A-0A85547311AA}.Debug|Any CPU.Deploy.0 = Debug|Any CPU
		{54E9F8AF-1204-4BFE-B53A-0A85547311AA}.Release|Any CPU.ActiveCfg = Release|Any CPU
		{54E9F8AF-1204-4BFE-B53A-0A85547311AA}.Release|Any CPU.Build.0 = Release|Any CPU
		{54E9F8AF-1204-4BFE-B53A-0A85547311AA}.Release|Any CPU.Deploy.0 = Release|Any CPU
	EndGlobalSection
	GlobalSection(SolutionProperties) = preSolution
		HideSolutionNode = FALSE
	EndGlobalSection
	GlobalSection(ExtensibilityGlobals) = postSolution
		SolutionGuid = {AF4B9A26-B524-46A0-8051-A6A51C941B0B}
	EndGlobalSection
EndGlobal
